
Microsoft Visual Studio Solution File, Format Version 12.00
# Visual Studio Version 16
VisualStudioVersion = 16.0.30114.105
MinimumVisualStudioVersion = 10.0.40219.1
Project("{FAE04EC0-301F-11D3-BF4B-00C04F79EFBC}") = "Formula1", "Formula1\Formula1.csproj", "{9535BB29-2815-4842-A9B6-D29CF5B5AF9F}"
EndProject
Project("{FAE04EC0-301F-11D3-BF4B-00C04F79EFBC}") = "Formula1.BusinessLayer", "Formula1.BusinessLayer\Formula1.BusinessLayer.csproj", "{5ACBEA5E-7F45-4DF4-991D-FCF39D167589}"
EndProject
Project("{FAE04EC0-301F-11D3-BF4B-00C04F79EFBC}") = "Formula1.DataAccessLayer", "Formula1.DataAccessLayer\Formula1.DataAccessLayer.csproj", "{B6C6F25C-6EE6-4B77-8A70-16617D422BD9}"
EndProject
Project("{FAE04EC0-301F-11D3-BF4B-00C04F79EFBC}") = "Formula1.Entities", "Formula1.Entities\Formula1.Entities.csproj", "{3CF68E1C-1F29-4F12-BFA6-45BB7833F2FD}"
EndProject
Project("{FAE04EC0-301F-11D3-BF4B-00C04F79EFBC}") = "Formula1.Common", "Formula1.Common\Formula1.Common.csproj", "{BF29655F-D49D-4076-86C5-33FC515FA77F}"
EndProject
Global
	GlobalSection(SolutionConfigurationPlatforms) = preSolution
		Debug|Any CPU = Debug|Any CPU
		Release|Any CPU = Release|Any CPU
	EndGlobalSection
	GlobalSection(ProjectConfigurationPlatforms) = postSolution
		{9535BB29-2815-4842-A9B6-D29CF5B5AF9F}.Debug|Any CPU.ActiveCfg = Debug|Any CPU
		{9535BB29-2815-4842-A9B6-D29CF5B5AF9F}.Debug|Any CPU.Build.0 = Debug|Any CPU
		{9535BB29-2815-4842-A9B6-D29CF5B5AF9F}.Release|Any CPU.ActiveCfg = Release|Any CPU
		{9535BB29-2815-4842-A9B6-D29CF5B5AF9F}.Release|Any CPU.Build.0 = Release|Any CPU
		{5ACBEA5E-7F45-4DF4-991D-FCF39D167589}.Debug|Any CPU.ActiveCfg = Debug|Any CPU
		{5ACBEA5E-7F45-4DF4-991D-FCF39D167589}.Debug|Any CPU.Build.0 = Debug|Any CPU
		{5ACBEA5E-7F45-4DF4-991D-FCF39D167589}.Release|Any CPU.ActiveCfg = Release|Any CPU
		{5ACBEA5E-7F45-4DF4-991D-FCF39D167589}.Release|Any CPU.Build.0 = Release|Any CPU
		{B6C6F25C-6EE6-4B77-8A70-16617D422BD9}.Debug|Any CPU.ActiveCfg = Debug|Any CPU
		{B6C6F25C-6EE6-4B77-8A70-16617D422BD9}.Debug|Any CPU.Build.0 = Debug|Any CPU
		{B6C6F25C-6EE6-4B77-8A70-16617D422BD9}.Release|Any CPU.ActiveCfg = Release|Any CPU
		{B6C6F25C-6EE6-4B77-8A70-16617D422BD9}.Release|Any CPU.Build.0 = Release|Any CPU
		{3CF68E1C-1F29-4F12-BFA6-45BB7833F2FD}.Debug|Any CPU.ActiveCfg = Debug|Any CPU
		{3CF68E1C-1F29-4F12-BFA6-45BB7833F2FD}.Debug|Any CPU.Build.0 = Debug|Any CPU
		{3CF68E1C-1F29-4F12-BFA6-45BB7833F2FD}.Release|Any CPU.ActiveCfg = Release|Any CPU
		{3CF68E1C-1F29-4F12-BFA6-45BB7833F2FD}.Release|Any CPU.Build.0 = Release|Any CPU
		{BF29655F-D49D-4076-86C5-33FC515FA77F}.Debug|Any CPU.ActiveCfg = Debug|Any CPU
		{BF29655F-D49D-4076-86C5-33FC515FA77F}.Debug|Any CPU.Build.0 = Debug|Any CPU
		{BF29655F-D49D-4076-86C5-33FC515FA77F}.Release|Any CPU.ActiveCfg = Release|Any CPU
		{BF29655F-D49D-4076-86C5-33FC515FA77F}.Release|Any CPU.Build.0 = Release|Any CPU
	EndGlobalSection
	GlobalSection(SolutionProperties) = preSolution
		HideSolutionNode = FALSE
	EndGlobalSection
	GlobalSection(ExtensibilityGlobals) = postSolution
		SolutionGuid = {4105F29B-9B50-47D0-A0EF-D07C7EED80D9}
	EndGlobalSection
EndGlobal
